{
  "name": "test",
  "version": "1.0.0",
  "lockfileVersion": 3,
  "requires": true,
  "packages": {
    "": {
      "name": "test",
      "version": "1.0.0",
      "license": "ISC",
      "dependencies": {
        "dotenv": "^16.3.1",
        "envsafe": "^2.0.3"
      },
      "devDependencies": {
        "typescript": "^5.3.3"
      }
    },
    "..": {
      "name": "hamming-sdk",
      "version": "1.0.0",
      "extraneous": true,
      "license": "ISC",
      "devDependencies": {
        "@types/node": "^20.10.5",
        "@typescript-eslint/eslint-plugin": "^6.16.0",
        "@typescript-eslint/parser": "^6.16.0",
        "eslint": "^8.56.0",
        "eslint-config-prettier": "^9.1.0",
        "eslint-plugin-import": "^2.29.1",
        "eslint-plugin-prettier": "^5.1.2",
        "eslint-plugin-simple-import-sort": "^10.0.0",
        "prettier": "^3.1.1",
        "rimraf": "^5.0.5",
        "tsup": "^8.0.1",
        "typescript": "^5.3.3"
      }
    },
    "node_modules/dotenv": {
      "version": "16.3.1",
      "resolved": "https://registry.npmjs.org/dotenv/-/dotenv-16.3.1.tgz",
      "integrity": "sha512-IPzF4w4/Rd94bA9imS68tZBaYyBWSCE47V1RGuMrB94iyTOIEwRmVL2x/4An+6mETpLrKJ5hQkB8W4kFAadeIQ==",
      "engines": {
        "node": ">=12"
      },
      "funding": {
        "url": "https://github.com/motdotla/dotenv?sponsor=1"
      }
    },
    "node_modules/envsafe": {
      "version": "2.0.3",
      "resolved": "https://registry.npmjs.org/envsafe/-/envsafe-2.0.3.tgz",
      "integrity": "sha512-51lek8h5btjXhXUDW//Pno7HPydM1WQzltOb1/ONRKdwB2QkfAURnN4Qn0cJ5LzGvX2Km1ReR2O3K3Bqq9sBMg==",
      "engines": {
        "node": ">=10"
      }
    },
    "node_modules/typescript": {
      "version": "5.3.3",
      "resolved": "https://registry.npmjs.org/typescript/-/typescript-5.3.3.tgz",
      "integrity": "sha512-pXWcraxM0uxAS+tN0AG/BF2TyqmHO014Z070UsJ+pFvYuRSq8KH8DmWpnbXe0pEPDHXZV3FcAbJkijJ5oNEnWw==",
      "dev": true,
      "bin": {
        "tsc": "bin/tsc",
        "tsserver": "bin/tsserver"
      },
      "engines": {
        "node": ">=14.17"
      }
    }
  }
}
